
Microsoft Visual Studio Solution File, Format Version 12.00
# Visual Studio Version 16
VisualStudioVersion = 16.0.31702.278
MinimumVisualStudioVersion = 10.0.40219.1
Project("{8BC9CEB8-8B4A-11D0-8D11-00A0C91BC942}") = "TTTMinimax", "TTTMinimax\TTTMinimax.vcxproj", "{A019A450-E4F2-4F42-B01B-E7C75C27150F}"
EndProject
Global
	GlobalSection(SolutionConfigurationPlatforms) = preSolution
		Debug|x64 = Debug|x64
		Debug|x86 = Debug|x86
		Release|x64 = Release|x64
		Release|x86 = Release|x86
	EndGlobalSection
	GlobalSection(ProjectConfigurationPlatforms) = postSolution
		{A019A450-E4F2-4F42-B01B-E7C75C27150F}.Debug|x64.ActiveCfg = Debug|x64
		{A019A450-E4F2-4F42-B01B-E7C75C27150F}.Debug|x64.Build.0 = Debug|x64
		{A019A450-E4F2-4F42-B01B-E7C75C27150F}.Debug|x86.ActiveCfg = Debug|Win32
		{A019A450-E4F2-4F42-B01B-E7C75C27150F}.Debug|x86.Build.0 = Debug|Win32
		{A019A450-E4F2-4F42-B01B-E7C75C27150F}.Release|x64.ActiveCfg = Release|x64
		{A019A450-E4F2-4F42-B01B-E7C75C27150F}.Release|x64.Build.0 = Release|x64
		{A019A450-E4F2-4F42-B01B-E7C75C27150F}.Release|x86.ActiveCfg = Release|Win32
		{A019A450-E4F2-4F42-B01B-E7C75C27150F}.Release|x86.Build.0 = Release|Win32
	EndGlobalSection
	GlobalSection(SolutionProperties) = preSolution
		HideSolutionNode = FALSE
	EndGlobalSection
	GlobalSection(ExtensibilityGlobals) = postSolution
		SolutionGuid = {0661C6D0-450F-4807-BFA2-D88913621563}
	EndGlobalSection
EndGlobal
